
Microsoft Visual Studio Solution File, Format Version 12.00
# Visual Studio Version 17
VisualStudioVersion = 17.6.33723.286
MinimumVisualStudioVersion = 10.0.40219.1
Project("{FAE04EC0-301F-11D3-BF4B-00C04F79EFBC}") = "BlogRealProblems", "BlogRealProblems\BlogRealProblems.csproj", "{F245B961-5E59-4938-AA67-29F99AC7FE9F}"
EndProject
Global
	GlobalSection(SolutionConfigurationPlatforms) = preSolution
		Debug|Any CPU = Debug|Any CPU
		Release|Any CPU = Release|Any CPU
	EndGlobalSection
	GlobalSection(ProjectConfigurationPlatforms) = postSolution
		{F245B961-5E59-4938-AA67-29F99AC7FE9F}.Debug|Any CPU.ActiveCfg = Debug|Any CPU
		{F245B961-5E59-4938-AA67-29F99AC7FE9F}.Debug|Any CPU.Build.0 = Debug|Any CPU
		{F245B961-5E59-4938-AA67-29F99AC7FE9F}.Release|Any CPU.ActiveCfg = Release|Any CPU
		{F245B961-5E59-4938-AA67-29F99AC7FE9F}.Release|Any CPU.Build.0 = Release|Any CPU
	EndGlobalSection
	GlobalSection(SolutionProperties) = preSolution
		HideSolutionNode = FALSE
	EndGlobalSection
	GlobalSection(ExtensibilityGlobals) = postSolution
		SolutionGuid = {A252DE19-F32E-441A-BC93-82865A821FB7}
	EndGlobalSection
EndGlobal
